
Microsoft Visual Studio Solution File, Format Version 12.00
# Visual Studio 14
VisualStudioVersion = 14.0.25420.1
MinimumVisualStudioVersion = 10.0.40219.1
Project("{FAE04EC0-301F-11D3-BF4B-00C04F79EFBC}") = "MovieShopApp", "MovieShopApp\MovieShopApp.csproj", "{58A5A9F4-CD6C-431D-9503-B11C642390BF}"
EndProject
Project("{FAE04EC0-301F-11D3-BF4B-00C04F79EFBC}") = "MovieShopApp.Tests", "MovieShopApp.Tests\MovieShopApp.Tests.csproj", "{CAC63CA8-99A5-4A91-867C-A55AC6EC90FA}"
EndProject
Global
	GlobalSection(SolutionConfigurationPlatforms) = preSolution
		Debug|Any CPU = Debug|Any CPU
		Release|Any CPU = Release|Any CPU
	EndGlobalSection
	GlobalSection(ProjectConfigurationPlatforms) = postSolution
		{58A5A9F4-CD6C-431D-9503-B11C642390BF}.Debug|Any CPU.ActiveCfg = Debug|Any CPU
		{58A5A9F4-CD6C-431D-9503-B11C642390BF}.Debug|Any CPU.Build.0 = Debug|Any CPU
		{58A5A9F4-CD6C-431D-9503-B11C642390BF}.Release|Any CPU.ActiveCfg = Release|Any CPU
		{58A5A9F4-CD6C-431D-9503-B11C642390BF}.Release|Any CPU.Build.0 = Release|Any CPU
		{CAC63CA8-99A5-4A91-867C-A55AC6EC90FA}.Debug|Any CPU.ActiveCfg = Debug|Any CPU
		{CAC63CA8-99A5-4A91-867C-A55AC6EC90FA}.Debug|Any CPU.Build.0 = Debug|Any CPU
		{CAC63CA8-99A5-4A91-867C-A55AC6EC90FA}.Release|Any CPU.ActiveCfg = Release|Any CPU
		{CAC63CA8-99A5-4A91-867C-A55AC6EC90FA}.Release|Any CPU.Build.0 = Release|Any CPU
	EndGlobalSection
	GlobalSection(SolutionProperties) = preSolution
		HideSolutionNode = FALSE
	EndGlobalSection
EndGlobal
